
Microsoft Visual Studio Solution File, Format Version 12.00
# Visual Studio Version 17
VisualStudioVersion = 17.0.31521.260
MinimumVisualStudioVersion = 10.0.40219.1
Project("{FAE04EC0-301F-11D3-BF4B-00C04F79EFBC}") = "Aemula", "Aemula\Aemula.csproj", "{42FA4AF9-F959-43A8-B0E4-67421C2E0B2E}"
EndProject
Project("{9A19103F-16F7-4668-BE54-9A1E7A4F7556}") = "Aemula.CodeGen", "Aemula.CodeGen\Aemula.CodeGen.csproj", "{08D1FACC-145E-44C1-A5D6-705F82E7B5F0}"
EndProject
Project("{9A19103F-16F7-4668-BE54-9A1E7A4F7556}") = "Aemula.Gui", "Aemula.Gui\Aemula.Gui.csproj", "{652F25DD-B482-4B29-98D9-B93E0CB4921E}"
EndProject
Project("{FAE04EC0-301F-11D3-BF4B-00C04F79EFBC}") = "Aemula.Tests", "Aemula.Tests\Aemula.Tests.csproj", "{0E250EFE-6900-4F70-9263-7B8E719A15A1}"
EndProject
Project("{FAE04EC0-301F-11D3-BF4B-00C04F79EFBC}") = "Aemula.UI", "Aemula.UI\Aemula.UI.csproj", "{690CDA9C-C668-4EE3-9682-0B9DB01E218A}"
EndProject
Global
	GlobalSection(SolutionConfigurationPlatforms) = preSolution
		Debug|Any CPU = Debug|Any CPU
		Release|Any CPU = Release|Any CPU
	EndGlobalSection
	GlobalSection(ProjectConfigurationPlatforms) = postSolution
		{42FA4AF9-F959-43A8-B0E4-67421C2E0B2E}.Debug|Any CPU.ActiveCfg = Debug|Any CPU
		{42FA4AF9-F959-43A8-B0E4-67421C2E0B2E}.Debug|Any CPU.Build.0 = Debug|Any CPU
		{42FA4AF9-F959-43A8-B0E4-67421C2E0B2E}.Release|Any CPU.ActiveCfg = Release|Any CPU
		{42FA4AF9-F959-43A8-B0E4-67421C2E0B2E}.Release|Any CPU.Build.0 = Release|Any CPU
		{08D1FACC-145E-44C1-A5D6-705F82E7B5F0}.Debug|Any CPU.ActiveCfg = Debug|Any CPU
		{08D1FACC-145E-44C1-A5D6-705F82E7B5F0}.Debug|Any CPU.Build.0 = Debug|Any CPU
		{08D1FACC-145E-44C1-A5D6-705F82E7B5F0}.Release|Any CPU.ActiveCfg = Release|Any CPU
		{08D1FACC-145E-44C1-A5D6-705F82E7B5F0}.Release|Any CPU.Build.0 = Release|Any CPU
		{652F25DD-B482-4B29-98D9-B93E0CB4921E}.Debug|Any CPU.ActiveCfg = Debug|Any CPU
		{652F25DD-B482-4B29-98D9-B93E0CB4921E}.Debug|Any CPU.Build.0 = Debug|Any CPU
		{652F25DD-B482-4B29-98D9-B93E0CB4921E}.Release|Any CPU.ActiveCfg = Release|Any CPU
		{652F25DD-B482-4B29-98D9-B93E0CB4921E}.Release|Any CPU.Build.0 = Release|Any CPU
		{0E250EFE-6900-4F70-9263-7B8E719A15A1}.Debug|Any CPU.ActiveCfg = Debug|Any CPU
		{0E250EFE-6900-4F70-9263-7B8E719A15A1}.Debug|Any CPU.Build.0 = Debug|Any CPU
		{0E250EFE-6900-4F70-9263-7B8E719A15A1}.Release|Any CPU.ActiveCfg = Release|Any CPU
		{0E250EFE-6900-4F70-9263-7B8E719A15A1}.Release|Any CPU.Build.0 = Release|Any CPU
		{690CDA9C-C668-4EE3-9682-0B9DB01E218A}.Debug|Any CPU.ActiveCfg = Debug|Any CPU
		{690CDA9C-C668-4EE3-9682-0B9DB01E218A}.Debug|Any CPU.Build.0 = Debug|Any CPU
		{690CDA9C-C668-4EE3-9682-0B9DB01E218A}.Release|Any CPU.ActiveCfg = Release|Any CPU
		{690CDA9C-C668-4EE3-9682-0B9DB01E218A}.Release|Any CPU.Build.0 = Release|Any CPU
	EndGlobalSection
	GlobalSection(SolutionProperties) = preSolution
		HideSolutionNode = FALSE
	EndGlobalSection
	GlobalSection(ExtensibilityGlobals) = postSolution
		SolutionGuid = {C3C25354-EA98-40BD-8749-B0EF8501C618}
	EndGlobalSection
EndGlobal
